
Microsoft Visual Studio Solution File, Format Version 12.00
# Visual Studio Version 17
VisualStudioVersion = 17.14.36518.9
MinimumVisualStudioVersion = 10.0.40219.1
Project("{FAE04EC0-301F-11D3-BF4B-00C04F79EFBC}") = "Week1", "Week1\Week1.csproj", "{00558EF7-D2AC-49CA-82F1-F94673F62766}"
EndProject
Project("{FAE04EC0-301F-11D3-BF4B-00C04F79EFBC}") = "Week 2", "Week2\Week 2.csproj", "{333A5A6F-F1C8-D052-8FA9-D63CC030F741}"
EndProject
Project("{FAE04EC0-301F-11D3-BF4B-00C04F79EFBC}") = "Abstraction", "Abstraction\Abstraction\Abstraction.csproj", "{2125B520-E8EE-459F-21B3-87141B21BDAE}"
EndProject
Project("{FAE04EC0-301F-11D3-BF4B-00C04F79EFBC}") = "Week3", "Week3\Week3.csproj", "{BE82B24F-8145-4FC6-B057-1D799800D9A2}"
EndProject
Project("{FAE04EC0-301F-11D3-BF4B-00C04F79EFBC}") = "Inheritance", "Inheritance\Inheritance\Inheritance.csproj", "{0BA76F34-2A8D-DA18-A6DB-360916458CEE}"
EndProject
Project("{FAE04EC0-301F-11D3-BF4B-00C04F79EFBC}") = "Week4", "Week4\Week4.csproj", "{EB45C69B-2843-47AE-A34A-7266E8ACC577}"
EndProject
Project("{FAE04EC0-301F-11D3-BF4B-00C04F79EFBC}") = "Week5", "Week5\Week5.csproj", "{FDCAE877-505B-4381-9335-82F34AA84F2F}"
EndProject
Project("{FAE04EC0-301F-11D3-BF4B-00C04F79EFBC}") = "Week6", "Week6\Week6.csproj", "{78819B9E-FFA8-4C78-AD5D-37B634960E63}"
EndProject
Project("{FAE04EC0-301F-11D3-BF4B-00C04F79EFBC}") = "ShoppingLibrary", "ProductLibrary\ShoppingLibrary.csproj", "{F0271261-5EC0-4046-9505-5B77CD72E18C}"
EndProject
Project("{FAE04EC0-301F-11D3-BF4B-00C04F79EFBC}") = "ShoppingConsole", "ShoppingConsole\ShoppingConsole.csproj", "{FC0EDF5C-808A-4D54-A415-2184B6630171}"
EndProject
Project("{FAE04EC0-301F-11D3-BF4B-00C04F79EFBC}") = "Week8", "Week8\Week8.csproj", "{BBB51C31-A1CD-4858-82C6-D8B37E2DEEFC}"
EndProject
Project("{FAE04EC0-301F-11D3-BF4B-00C04F79EFBC}") = "Week10", "Week10\Week10.csproj", "{C0896466-E63F-4761-B85B-6FEFA3F9D712}"
EndProject
Project("{FAE04EC0-301F-11D3-BF4B-00C04F79EFBC}") = "LibraryAPI", "LibraryAPI\LibraryAPI\LibraryAPI.csproj", "{6FA449C9-99DF-69D3-3ACD-78D20F998031}"
EndProject
Project("{FAE04EC0-301F-11D3-BF4B-00C04F79EFBC}") = "Week11", "Week11\Week11.csproj", "{A5637F54-DC7A-4535-8600-62872EF0D39F}"
EndProject
Project("{FAE04EC0-301F-11D3-BF4B-00C04F79EFBC}") = "SchoolAPI", "SchoolAPI\SchoolAPI\SchoolAPI.csproj", "{52BA9DD7-EC7A-6581-0235-300DE500A281}"
EndProject
Global
	GlobalSection(SolutionConfigurationPlatforms) = preSolution
		Debug|Any CPU = Debug|Any CPU
		Release|Any CPU = Release|Any CPU
	EndGlobalSection
	GlobalSection(ProjectConfigurationPlatforms) = postSolution
		{00558EF7-D2AC-49CA-82F1-F94673F62766}.Debug|Any CPU.ActiveCfg = Debug|Any CPU
		{00558EF7-D2AC-49CA-82F1-F94673F62766}.Debug|Any CPU.Build.0 = Debug|Any CPU
		{00558EF7-D2AC-49CA-82F1-F94673F62766}.Release|Any CPU.ActiveCfg = Release|Any CPU
		{00558EF7-D2AC-49CA-82F1-F94673F62766}.Release|Any CPU.Build.0 = Release|Any CPU
		{333A5A6F-F1C8-D052-8FA9-D63CC030F741}.Debug|Any CPU.ActiveCfg = Debug|Any CPU
		{333A5A6F-F1C8-D052-8FA9-D63CC030F741}.Debug|Any CPU.Build.0 = Debug|Any CPU
		{333A5A6F-F1C8-D052-8FA9-D63CC030F741}.Release|Any CPU.ActiveCfg = Release|Any CPU
		{333A5A6F-F1C8-D052-8FA9-D63CC030F741}.Release|Any CPU.Build.0 = Release|Any CPU
		{2125B520-E8EE-459F-21B3-87141B21BDAE}.Debug|Any CPU.ActiveCfg = Debug|Any CPU
		{2125B520-E8EE-459F-21B3-87141B21BDAE}.Debug|Any CPU.Build.0 = Debug|Any CPU
		{2125B520-E8EE-459F-21B3-87141B21BDAE}.Release|Any CPU.ActiveCfg = Release|Any CPU
		{2125B520-E8EE-459F-21B3-87141B21BDAE}.Release|Any CPU.Build.0 = Release|Any CPU
		{BE82B24F-8145-4FC6-B057-1D799800D9A2}.Debug|Any CPU.ActiveCfg = Debug|Any CPU
		{BE82B24F-8145-4FC6-B057-1D799800D9A2}.Debug|Any CPU.Build.0 = Debug|Any CPU
		{BE82B24F-8145-4FC6-B057-1D799800D9A2}.Release|Any CPU.ActiveCfg = Release|Any CPU
		{BE82B24F-8145-4FC6-B057-1D799800D9A2}.Release|Any CPU.Build.0 = Release|Any CPU
		{0BA76F34-2A8D-DA18-A6DB-360916458CEE}.Debug|Any CPU.ActiveCfg = Debug|Any CPU
		{0BA76F34-2A8D-DA18-A6DB-360916458CEE}.Debug|Any CPU.Build.0 = Debug|Any CPU
		{0BA76F34-2A8D-DA18-A6DB-360916458CEE}.Release|Any CPU.ActiveCfg = Release|Any CPU
		{0BA76F34-2A8D-DA18-A6DB-360916458CEE}.Release|Any CPU.Build.0 = Release|Any CPU
		{EB45C69B-2843-47AE-A34A-7266E8ACC577}.Debug|Any CPU.ActiveCfg = Debug|Any CPU
		{EB45C69B-2843-47AE-A34A-7266E8ACC577}.Debug|Any CPU.Build.0 = Debug|Any CPU
		{EB45C69B-2843-47AE-A34A-7266E8ACC577}.Release|Any CPU.ActiveCfg = Release|Any CPU
		{EB45C69B-2843-47AE-A34A-7266E8ACC577}.Release|Any CPU.Build.0 = Release|Any CPU
		{FDCAE877-505B-4381-9335-82F34AA84F2F}.Debug|Any CPU.ActiveCfg = Debug|Any CPU
		{FDCAE877-505B-4381-9335-82F34AA84F2F}.Debug|Any CPU.Build.0 = Debug|Any CPU
		{FDCAE877-505B-4381-9335-82F34AA84F2F}.Release|Any CPU.ActiveCfg = Release|Any CPU
		{FDCAE877-505B-4381-9335-82F34AA84F2F}.Release|Any CPU.Build.0 = Release|Any CPU
		{78819B9E-FFA8-4C78-AD5D-37B634960E63}.Debug|Any CPU.ActiveCfg = Debug|Any CPU
		{78819B9E-FFA8-4C78-AD5D-37B634960E63}.Debug|Any CPU.Build.0 = Debug|Any CPU
		{78819B9E-FFA8-4C78-AD5D-37B634960E63}.Release|Any CPU.ActiveCfg = Release|Any CPU
		{78819B9E-FFA8-4C78-AD5D-37B634960E63}.Release|Any CPU.Build.0 = Release|Any CPU
		{F0271261-5EC0-4046-9505-5B77CD72E18C}.Debug|Any CPU.ActiveCfg = Debug|Any CPU
		{F0271261-5EC0-4046-9505-5B77CD72E18C}.Debug|Any CPU.Build.0 = Debug|Any CPU
		{F0271261-5EC0-4046-9505-5B77CD72E18C}.Release|Any CPU.ActiveCfg = Release|Any CPU
		{F0271261-5EC0-4046-9505-5B77CD72E18C}.Release|Any CPU.Build.0 = Release|Any CPU
		{FC0EDF5C-808A-4D54-A415-2184B6630171}.Debug|Any CPU.ActiveCfg = Debug|Any CPU
		{FC0EDF5C-808A-4D54-A415-2184B6630171}.Debug|Any CPU.Build.0 = Debug|Any CPU
		{FC0EDF5C-808A-4D54-A415-2184B6630171}.Release|Any CPU.ActiveCfg = Release|Any CPU
		{FC0EDF5C-808A-4D54-A415-2184B6630171}.Release|Any CPU.Build.0 = Release|Any CPU
		{BBB51C31-A1CD-4858-82C6-D8B37E2DEEFC}.Debug|Any CPU.ActiveCfg = Debug|Any CPU
		{BBB51C31-A1CD-4858-82C6-D8B37E2DEEFC}.Debug|Any CPU.Build.0 = Debug|Any CPU
		{BBB51C31-A1CD-4858-82C6-D8B37E2DEEFC}.Release|Any CPU.ActiveCfg = Release|Any CPU
		{BBB51C31-A1CD-4858-82C6-D8B37E2DEEFC}.Release|Any CPU.Build.0 = Release|Any CPU
		{C0896466-E63F-4761-B85B-6FEFA3F9D712}.Debug|Any CPU.ActiveCfg = Debug|Any CPU
		{C0896466-E63F-4761-B85B-6FEFA3F9D712}.Debug|Any CPU.Build.0 = Debug|Any CPU
		{C0896466-E63F-4761-B85B-6FEFA3F9D712}.Release|Any CPU.ActiveCfg = Release|Any CPU
		{C0896466-E63F-4761-B85B-6FEFA3F9D712}.Release|Any CPU.Build.0 = Release|Any CPU
		{6FA449C9-99DF-69D3-3ACD-78D20F998031}.Debug|Any CPU.ActiveCfg = Debug|Any CPU
		{6FA449C9-99DF-69D3-3ACD-78D20F998031}.Debug|Any CPU.Build.0 = Debug|Any CPU
		{6FA449C9-99DF-69D3-3ACD-78D20F998031}.Release|Any CPU.ActiveCfg = Release|Any CPU
		{6FA449C9-99DF-69D3-3ACD-78D20F998031}.Release|Any CPU.Build.0 = Release|Any CPU
		{A5637F54-DC7A-4535-8600-62872EF0D39F}.Debug|Any CPU.ActiveCfg = Debug|Any CPU
		{A5637F54-DC7A-4535-8600-62872EF0D39F}.Debug|Any CPU.Build.0 = Debug|Any CPU
		{A5637F54-DC7A-4535-8600-62872EF0D39F}.Release|Any CPU.ActiveCfg = Release|Any CPU
		{A5637F54-DC7A-4535-8600-62872EF0D39F}.Release|Any CPU.Build.0 = Release|Any CPU
		{52BA9DD7-EC7A-6581-0235-300DE500A281}.Debug|Any CPU.ActiveCfg = Debug|Any CPU
		{52BA9DD7-EC7A-6581-0235-300DE500A281}.Debug|Any CPU.Build.0 = Debug|Any CPU
		{52BA9DD7-EC7A-6581-0235-300DE500A281}.Release|Any CPU.ActiveCfg = Release|Any CPU
		{52BA9DD7-EC7A-6581-0235-300DE500A281}.Release|Any CPU.Build.0 = Release|Any CPU
	EndGlobalSection
	GlobalSection(SolutionProperties) = preSolution
		HideSolutionNode = FALSE
	EndGlobalSection
	GlobalSection(ExtensibilityGlobals) = postSolution
		SolutionGuid = {E3053AC6-24C4-46F5-BDBE-6CB82E75742E}
	EndGlobalSection
EndGlobal
